// !$*UTF8*$!
{
	archiveVersion = 1;
	classes = {
	};
	objectVersion = 55;
	objects = {

/* Begin PBXBuildFile section */
		780205B928B487030087C152 /* DetailViewController.xib in Resources */ = {isa = PBXBuildFile; fileRef = 780205B828B487030087C152 /* DetailViewController.xib */; };
		780205BD28B5D2500087C152 /* DetailCell.swift in Sources */ = {isa = PBXBuildFile; fileRef = 780205BB28B5D2500087C152 /* DetailCell.swift */; };
		780205BE28B5D2500087C152 /* DetailCell.xib in Resources */ = {isa = PBXBuildFile; fileRef = 780205BC28B5D2500087C152 /* DetailCell.xib */; };
		7810388928B33BB600702E40 /* HomeCell.swift in Sources */ = {isa = PBXBuildFile; fileRef = 7810388728B33BB600702E40 /* HomeCell.swift */; };
		7810388A28B33BB600702E40 /* HomeCell.xib in Resources */ = {isa = PBXBuildFile; fileRef = 7810388828B33BB600702E40 /* HomeCell.xib */; };
		781C45B428AC98B0002CFA42 /* AppDelegate.swift in Sources */ = {isa = PBXBuildFile; fileRef = 781C45B328AC98B0002CFA42 /* AppDelegate.swift */; };
		781C45BD28AC98B1002CFA42 /* Assets.xcassets in Resources */ = {isa = PBXBuildFile; fileRef = 781C45BC28AC98B1002CFA42 /* Assets.xcassets */; };
		781C45C028AC98B1002CFA42 /* LaunchScreen.storyboard in Resources */ = {isa = PBXBuildFile; fileRef = 781C45BE28AC98B1002CFA42 /* LaunchScreen.storyboard */; };
		781C45CA28AC9999002CFA42 /* HomeViewController.swift in Sources */ = {isa = PBXBuildFile; fileRef = 781C45C828AC9999002CFA42 /* HomeViewController.swift */; };
		781C45CB28AC9999002CFA42 /* HomeViewController.xib in Resources */ = {isa = PBXBuildFile; fileRef = 781C45C928AC9999002CFA42 /* HomeViewController.xib */; };
		781C45D028ACC72F002CFA42 /* DetailViewController.swift in Sources */ = {isa = PBXBuildFile; fileRef = 781C45CE28ACC72F002CFA42 /* DetailViewController.swift */; };
		781C45DB28ACED4B002CFA42 /* KeypadViewController.swift in Sources */ = {isa = PBXBuildFile; fileRef = 781C45D928ACED4B002CFA42 /* KeypadViewController.swift */; };
		781C45DC28ACED4B002CFA42 /* KeypadViewController.xib in Resources */ = {isa = PBXBuildFile; fileRef = 781C45DA28ACED4B002CFA42 /* KeypadViewController.xib */; };
		781C45DF28ACED65002CFA42 /* RecentsViewController.swift in Sources */ = {isa = PBXBuildFile; fileRef = 781C45DD28ACED65002CFA42 /* RecentsViewController.swift */; };
		781C45E028ACED65002CFA42 /* RecentsViewController.xib in Resources */ = {isa = PBXBuildFile; fileRef = 781C45DE28ACED65002CFA42 /* RecentsViewController.xib */; };
		781C45E528ACF342002CFA42 /* VoicemailViewController.swift in Sources */ = {isa = PBXBuildFile; fileRef = 781C45E328ACF342002CFA42 /* VoicemailViewController.swift */; };
		781C45E628ACF342002CFA42 /* VoicemailViewController.xib in Resources */ = {isa = PBXBuildFile; fileRef = 781C45E428ACF342002CFA42 /* VoicemailViewController.xib */; };
		781C45E928ACF350002CFA42 /* FavoritesViewController.swift in Sources */ = {isa = PBXBuildFile; fileRef = 781C45E728ACF350002CFA42 /* FavoritesViewController.swift */; };
		781C45EA28ACF350002CFA42 /* FavoritesViewController.xib in Resources */ = {isa = PBXBuildFile; fileRef = 781C45E828ACF350002CFA42 /* FavoritesViewController.xib */; };
		781F1B2C28B47A8B00788107 /* NavigationView.swift in Sources */ = {isa = PBXBuildFile; fileRef = 781F1B2B28B47A8B00788107 /* NavigationView.swift */; };
		781F1B2E28B47AA800788107 /* NavigationView.xib in Resources */ = {isa = PBXBuildFile; fileRef = 781F1B2D28B47AA800788107 /* NavigationView.xib */; };
/* End PBXBuildFile section */

/* Begin PBXFileReference section */
		780205B828B487030087C152 /* DetailViewController.xib */ = {isa = PBXFileReference; fileEncoding = 4; lastKnownFileType = file.xib; path = DetailViewController.xib; sourceTree = "<group>"; };
		780205BB28B5D2500087C152 /* DetailCell.swift */ = {isa = PBXFileReference; lastKnownFileType = sourcecode.swift; path = DetailCell.swift; sourceTree = "<group>"; };
		780205BC28B5D2500087C152 /* DetailCell.xib */ = {isa = PBXFileReference; lastKnownFileType = file.xib; path = DetailCell.xib; sourceTree = "<group>"; };
		7810388728B33BB600702E40 /* HomeCell.swift */ = {isa = PBXFileReference; lastKnownFileType = sourcecode.swift; path = HomeCell.swift; sourceTree = "<group>"; };
		7810388828B33BB600702E40 /* HomeCell.xib */ = {isa = PBXFileReference; lastKnownFileType = file.xib; path = HomeCell.xib; sourceTree = "<group>"; };
		781C45B028AC98B0002CFA42 /* contact.app */ = {isa = PBXFileReference; explicitFileType = wrapper.application; includeInIndex = 0; path = contact.app; sourceTree = BUILT_PRODUCTS_DIR; };
		781C45B328AC98B0002CFA42 /* AppDelegate.swift */ = {isa = PBXFileReference; lastKnownFileType = sourcecode.swift; path = AppDelegate.swift; sourceTree = "<group>"; };
		781C45BC28AC98B1002CFA42 /* Assets.xcassets */ = {isa = PBXFileReference; lastKnownFileType = folder.assetcatalog; path = Assets.xcassets; sourceTree = "<group>"; };
		781C45BF28AC98B1002CFA42 /* Base */ = {isa = PBXFileReference; lastKnownFileType = file.storyboard; name = Base; path = Base.lproj/LaunchScreen.storyboard; sourceTree = "<group>"; };
		781C45C128AC98B1002CFA42 /* Info.plist */ = {isa = PBXFileReference; lastKnownFileType = text.plist.xml; path = Info.plist; sourceTree = "<group>"; };
		781C45C828AC9999002CFA42 /* HomeViewController.swift */ = {isa = PBXFileReference; lastKnownFileType = sourcecode.swift; path = HomeViewController.swift; sourceTree = "<group>"; };
		781C45C928AC9999002CFA42 /* HomeViewController.xib */ = {isa = PBXFileReference; lastKnownFileType = file.xib; path = HomeViewController.xib; sourceTree = "<group>"; };
		781C45CE28ACC72F002CFA42 /* DetailViewController.swift */ = {isa = PBXFileReference; lastKnownFileType = sourcecode.swift; path = DetailViewController.swift; sourceTree = "<group>"; };
		781C45D928ACED4B002CFA42 /* KeypadViewController.swift */ = {isa = PBXFileReference; lastKnownFileType = sourcecode.swift; path = KeypadViewController.swift; sourceTree = "<group>"; };
		781C45DA28ACED4B002CFA42 /* KeypadViewController.xib */ = {isa = PBXFileReference; lastKnownFileType = file.xib; path = KeypadViewController.xib; sourceTree = "<group>"; };
		781C45DD28ACED65002CFA42 /* RecentsViewController.swift */ = {isa = PBXFileReference; lastKnownFileType = sourcecode.swift; path = RecentsViewController.swift; sourceTree = "<group>"; };
		781C45DE28ACED65002CFA42 /* RecentsViewController.xib */ = {isa = PBXFileReference; lastKnownFileType = file.xib; path = RecentsViewController.xib; sourceTree = "<group>"; };
		781C45E328ACF342002CFA42 /* VoicemailViewController.swift */ = {isa = PBXFileReference; lastKnownFileType = sourcecode.swift; path = VoicemailViewController.swift; sourceTree = "<group>"; };
		781C45E428ACF342002CFA42 /* VoicemailViewController.xib */ = {isa = PBXFileReference; lastKnownFileType = file.xib; path = VoicemailViewController.xib; sourceTree = "<group>"; };
		781C45E728ACF350002CFA42 /* FavoritesViewController.swift */ = {isa = PBXFileReference; lastKnownFileType = sourcecode.swift; path = FavoritesViewController.swift; sourceTree = "<group>"; };
		781C45E828ACF350002CFA42 /* FavoritesViewController.xib */ = {isa = PBXFileReference; lastKnownFileType = file.xib; path = FavoritesViewController.xib; sourceTree = "<group>"; };
		781F1B2B28B47A8B00788107 /* NavigationView.swift */ = {isa = PBXFileReference; lastKnownFileType = sourcecode.swift; path = NavigationView.swift; sourceTree = "<group>"; };
		781F1B2D28B47AA800788107 /* NavigationView.xib */ = {isa = PBXFileReference; lastKnownFileType = file.xib; path = NavigationView.xib; sourceTree = "<group>"; };
/* End PBXFileReference section */

/* Begin PBXFrameworksBuildPhase section */
		781C45AD28AC98B0002CFA42 /* Frameworks */ = {
			isa = PBXFrameworksBuildPhase;
			buildActionMask = 2147483647;
			files = (
			);
			runOnlyForDeploymentPostprocessing = 0;
		};
/* End PBXFrameworksBuildPhase section */

/* Begin PBXGroup section */
		780205BA28B5D2350087C152 /* DetailCell */ = {
			isa = PBXGroup;
			children = (
				780205BB28B5D2500087C152 /* DetailCell.swift */,
				780205BC28B5D2500087C152 /* DetailCell.xib */,
			);
			path = DetailCell;
			sourceTree = "<group>";
		};
		7810388228B339FA00702E40 /* HomeCell */ = {
			isa = PBXGroup;
			children = (
				7810388728B33BB600702E40 /* HomeCell.swift */,
				7810388828B33BB600702E40 /* HomeCell.xib */,
			);
			path = HomeCell;
			sourceTree = "<group>";
		};
		781C45A728AC98B0002CFA42 = {
			isa = PBXGroup;
			children = (
				781C45B228AC98B0002CFA42 /* contact */,
				781C45B128AC98B0002CFA42 /* Products */,
			);
			sourceTree = "<group>";
		};
		781C45B128AC98B0002CFA42 /* Products */ = {
			isa = PBXGroup;
			children = (
				781C45B028AC98B0002CFA42 /* contact.app */,
			);
			name = Products;
			sourceTree = "<group>";
		};
		781C45B228AC98B0002CFA42 /* contact */ = {
			isa = PBXGroup;
			children = (
				781C45CC28ACC6FE002CFA42 /* Controller */,
				781C45B328AC98B0002CFA42 /* AppDelegate.swift */,
				781C45BC28AC98B1002CFA42 /* Assets.xcassets */,
				781C45BE28AC98B1002CFA42 /* LaunchScreen.storyboard */,
				781C45C128AC98B1002CFA42 /* Info.plist */,
			);
			path = contact;
			sourceTree = "<group>";
		};
		781C45C728AC996D002CFA42 /* Home */ = {
			isa = PBXGroup;
			children = (
				7810388228B339FA00702E40 /* HomeCell */,
				781C45C828AC9999002CFA42 /* HomeViewController.swift */,
				781C45C928AC9999002CFA42 /* HomeViewController.xib */,
			);
			path = Home;
			sourceTree = "<group>";
		};
		781C45CC28ACC6FE002CFA42 /* Controller */ = {
			isa = PBXGroup;
			children = (
				781F1B2A28B47A3100788107 /* Navigation Bar */,
				781C45E228ACF333002CFA42 /* Voicemail */,
				781C45D828ACED34002CFA42 /* Keypad */,
				781C45E128ACF31A002CFA42 /* Favorites */,
				781C45D728ACED2A002CFA42 /* Recents */,
				781C45C728AC996D002CFA42 /* Home */,
				781C45CD28ACC70D002CFA42 /* Detail */,
			);
			path = Controller;
			sourceTree = "<group>";
		};
		781C45CD28ACC70D002CFA42 /* Detail */ = {
			isa = PBXGroup;
			children = (
				780205BA28B5D2350087C152 /* DetailCell */,
				781C45CE28ACC72F002CFA42 /* DetailViewController.swift */,
				780205B828B487030087C152 /* DetailViewController.xib */,
			);
			path = Detail;
			sourceTree = "<group>";
		};
		781C45D728ACED2A002CFA42 /* Recents */ = {
			isa = PBXGroup;
			children = (
				781C45DD28ACED65002CFA42 /* RecentsViewController.swift */,
				781C45DE28ACED65002CFA42 /* RecentsViewController.xib */,
			);
			path = Recents;
			sourceTree = "<group>";
		};
		781C45D828ACED34002CFA42 /* Keypad */ = {
			isa = PBXGroup;
			children = (
				781C45D928ACED4B002CFA42 /* KeypadViewController.swift */,
				781C45DA28ACED4B002CFA42 /* KeypadViewController.xib */,
			);
			path = Keypad;
			sourceTree = "<group>";
		};
		781C45E128ACF31A002CFA42 /* Favorites */ = {
			isa = PBXGroup;
			children = (
				781C45E728ACF350002CFA42 /* FavoritesViewController.swift */,
				781C45E828ACF350002CFA42 /* FavoritesViewController.xib */,
			);
			path = Favorites;
			sourceTree = "<group>";
		};
		781C45E228ACF333002CFA42 /* Voicemail */ = {
			isa = PBXGroup;
			children = (
				781C45E328ACF342002CFA42 /* VoicemailViewController.swift */,
				781C45E428ACF342002CFA42 /* VoicemailViewController.xib */,
			);
			path = Voicemail;
			sourceTree = "<group>";
		};
		781F1B2A28B47A3100788107 /* Navigation Bar */ = {
			isa = PBXGroup;
			children = (
				781F1B2B28B47A8B00788107 /* NavigationView.swift */,
				781F1B2D28B47AA800788107 /* NavigationView.xib */,
			);
			path = "Navigation Bar";
			sourceTree = "<group>";
		};
/* End PBXGroup section */

/* Begin PBXNativeTarget section */
		781C45AF28AC98B0002CFA42 /* contact */ = {
			isa = PBXNativeTarget;
			buildConfigurationList = 781C45C428AC98B1002CFA42 /* Build configuration list for PBXNativeTarget "contact" */;
			buildPhases = (
				781C45AC28AC98B0002CFA42 /* Sources */,
				781C45AD28AC98B0002CFA42 /* Frameworks */,
				781C45AE28AC98B0002CFA42 /* Resources */,
			);
			buildRules = (
			);
			dependencies = (
			);
			name = contact;
			productName = contact;
			productReference = 781C45B028AC98B0002CFA42 /* contact.app */;
			productType = "com.apple.product-type.application";
		};
/* End PBXNativeTarget section */

/* Begin PBXProject section */
		781C45A828AC98B0002CFA42 /* Project object */ = {
			isa = PBXProject;
			attributes = {
				BuildIndependentTargetsInParallel = 1;
				LastSwiftUpdateCheck = 1320;
				LastUpgradeCheck = 1320;
				TargetAttributes = {
					781C45AF28AC98B0002CFA42 = {
						CreatedOnToolsVersion = 13.2.1;
					};
				};
			};
			buildConfigurationList = 781C45AB28AC98B0002CFA42 /* Build configuration list for PBXProject "contact" */;
			compatibilityVersion = "Xcode 13.0";
			developmentRegion = en;
			hasScannedForEncodings = 0;
			knownRegions = (
				en,
				Base,
			);
			mainGroup = 781C45A728AC98B0002CFA42;
			productRefGroup = 781C45B128AC98B0002CFA42 /* Products */;
			projectDirPath = "";
			projectRoot = "";
			targets = (
				781C45AF28AC98B0002CFA42 /* contact */,
			);
		};
/* End PBXProject section */

/* Begin PBXResourcesBuildPhase section */
		781C45AE28AC98B0002CFA42 /* Resources */ = {
			isa = PBXResourcesBuildPhase;
			buildActionMask = 2147483647;
			files = (
				780205BE28B5D2500087C152 /* DetailCell.xib in Resources */,
				781C45E628ACF342002CFA42 /* VoicemailViewController.xib in Resources */,
				7810388A28B33BB600702E40 /* HomeCell.xib in Resources */,
				781C45C028AC98B1002CFA42 /* LaunchScreen.storyboard in Resources */,
				781C45BD28AC98B1002CFA42 /* Assets.xcassets in Resources */,
				781C45CB28AC9999002CFA42 /* HomeViewController.xib in Resources */,
				781C45E028ACED65002CFA42 /* RecentsViewController.xib in Resources */,
				781F1B2E28B47AA800788107 /* NavigationView.xib in Resources */,
				780205B928B487030087C152 /* DetailViewController.xib in Resources */,
				781C45EA28ACF350002CFA42 /* FavoritesViewController.xib in Resources */,
				781C45DC28ACED4B002CFA42 /* KeypadViewController.xib in Resources */,
			);
			runOnlyForDeploymentPostprocessing = 0;
		};
/* End PBXResourcesBuildPhase section */

/* Begin PBXSourcesBuildPhase section */
		781C45AC28AC98B0002CFA42 /* Sources */ = {
			isa = PBXSourcesBuildPhase;
			buildActionMask = 2147483647;
			files = (
				780205BD28B5D2500087C152 /* DetailCell.swift in Sources */,
				781C45E528ACF342002CFA42 /* VoicemailViewController.swift in Sources */,
				781F1B2C28B47A8B00788107 /* NavigationView.swift in Sources */,
				781C45DF28ACED65002CFA42 /* RecentsViewController.swift in Sources */,
				7810388928B33BB600702E40 /* HomeCell.swift in Sources */,
				781C45E928ACF350002CFA42 /* FavoritesViewController.swift in Sources */,
				781C45D028ACC72F002CFA42 /* DetailViewController.swift in Sources */,
				781C45B428AC98B0002CFA42 /* AppDelegate.swift in Sources */,
				781C45DB28ACED4B002CFA42 /* KeypadViewController.swift in Sources */,
				781C45CA28AC9999002CFA42 /* HomeViewController.swift in Sources */,
			);
			runOnlyForDeploymentPostprocessing = 0;
		};
/* End PBXSourcesBuildPhase section */

/* Begin PBXVariantGroup section */
		781C45BE28AC98B1002CFA42 /* LaunchScreen.storyboard */ = {
			isa = PBXVariantGroup;
			children = (
				781C45BF28AC98B1002CFA42 /* Base */,
			);
			name = LaunchScreen.storyboard;
			sourceTree = "<group>";
		};
/* End PBXVariantGroup section */

/* Begin XCBuildConfiguration section */
		781C45C228AC98B1002CFA42 /* Debug */ = {
			isa = XCBuildConfiguration;
			buildSettings = {
				ALWAYS_SEARCH_USER_PATHS = NO;
				CLANG_ANALYZER_NONNULL = YES;
				CLANG_ANALYZER_NUMBER_OBJECT_CONVERSION = YES_AGGRESSIVE;
				CLANG_CXX_LANGUAGE_STANDARD = "gnu++17";
				CLANG_CXX_LIBRARY = "libc++";
				CLANG_ENABLE_MODULES = YES;
				CLANG_ENABLE_OBJC_ARC = YES;
				CLANG_ENABLE_OBJC_WEAK = YES;
				CLANG_WARN_BLOCK_CAPTURE_AUTORELEASING = YES;
				CLANG_WARN_BOOL_CONVERSION = YES;
				CLANG_WARN_COMMA = YES;
				CLANG_WARN_CONSTANT_CONVERSION = YES;
				CLANG_WARN_DEPRECATED_OBJC_IMPLEMENTATIONS = YES;
				CLANG_WARN_DIRECT_OBJC_ISA_USAGE = YES_ERROR;
				CLANG_WARN_DOCUMENTATION_COMMENTS = YES;
				CLANG_WARN_EMPTY_BODY = YES;
				CLANG_WARN_ENUM_CONVERSION = YES;
				CLANG_WARN_INFINITE_RECURSION = YES;
				CLANG_WARN_INT_CONVERSION = YES;
				CLANG_WARN_NON_LITERAL_NULL_CONVERSION = YES;
				CLANG_WARN_OBJC_IMPLICIT_RETAIN_SELF = YES;
				CLANG_WARN_OBJC_LITERAL_CONVERSION = YES;
				CLANG_WARN_OBJC_ROOT_CLASS = YES_ERROR;
				CLANG_WARN_QUOTED_INCLUDE_IN_FRAMEWORK_HEADER = YES;
				CLANG_WARN_RANGE_LOOP_ANALYSIS = YES;
				CLANG_WARN_STRICT_PROTOTYPES = YES;
				CLANG_WARN_SUSPICIOUS_MOVE = YES;
				CLANG_WARN_UNGUARDED_AVAILABILITY = YES_AGGRESSIVE;
				CLANG_WARN_UNREACHABLE_CODE = YES;
				CLANG_WARN__DUPLICATE_METHOD_MATCH = YES;
				COPY_PHASE_STRIP = NO;
				DEBUG_INFORMATION_FORMAT = dwarf;
				ENABLE_STRICT_OBJC_MSGSEND = YES;
				ENABLE_TESTABILITY = YES;
				GCC_C_LANGUAGE_STANDARD = gnu11;
				GCC_DYNAMIC_NO_PIC = NO;
				GCC_NO_COMMON_BLOCKS = YES;
				GCC_OPTIMIZATION_LEVEL = 0;
				GCC_PREPROCESSOR_DEFINITIONS = (
					"DEBUG=1",
					"$(inherited)",
				);
				GCC_WARN_64_TO_32_BIT_CONVERSION = YES;
				GCC_WARN_ABOUT_RETURN_TYPE = YES_ERROR;
				GCC_WARN_UNDECLARED_SELECTOR = YES;
				GCC_WARN_UNINITIALIZED_AUTOS = YES_AGGRESSIVE;
				GCC_WARN_UNUSED_FUNCTION = YES;
				GCC_WARN_UNUSED_VARIABLE = YES;
				IPHONEOS_DEPLOYMENT_TARGET = 15.2;
				MTL_ENABLE_DEBUG_INFO = INCLUDE_SOURCE;
				MTL_FAST_MATH = YES;
				ONLY_ACTIVE_ARCH = YES;
				SDKROOT = iphoneos;
				SWIFT_ACTIVE_COMPILATION_CONDITIONS = DEBUG;
				SWIFT_OPTIMIZATION_LEVEL = "-Onone";
			};
			name = Debug;
		};
		781C45C328AC98B1002CFA42 /* Release */ = {
			isa = XCBuildConfiguration;
			buildSettings = {
				ALWAYS_SEARCH_USER_PATHS = NO;
				CLANG_ANALYZER_NONNULL = YES;
				CLANG_ANALYZER_NUMBER_OBJECT_CONVERSION = YES_AGGRESSIVE;
				CLANG_CXX_LANGUAGE_STANDARD = "gnu++17";
				CLANG_CXX_LIBRARY = "libc++";
				CLANG_ENABLE_MODULES = YES;
				CLANG_ENABLE_OBJC_ARC = YES;
				CLANG_ENABLE_OBJC_WEAK = YES;
				CLANG_WARN_BLOCK_CAPTURE_AUTORELEASING = YES;
				CLANG_WARN_BOOL_CONVERSION = YES;
				CLANG_WARN_COMMA = YES;
				CLANG_WARN_CONSTANT_CONVERSION = YES;
				CLANG_WARN_DEPRECATED_OBJC_IMPLEMENTATIONS = YES;
				CLANG_WARN_DIRECT_OBJC_ISA_USAGE = YES_ERROR;
				CLANG_WARN_DOCUMENTATION_COMMENTS = YES;
				CLANG_WARN_EMPTY_BODY = YES;
				CLANG_WARN_ENUM_CONVERSION = YES;
				CLANG_WARN_INFINITE_RECURSION = YES;
				CLANG_WARN_INT_CONVERSION = YES;
				CLANG_WARN_NON_LITERAL_NULL_CONVERSION = YES;
				CLANG_WARN_OBJC_IMPLICIT_RETAIN_SELF = YES;
				CLANG_WARN_OBJC_LITERAL_CONVERSION = YES;
				CLANG_WARN_OBJC_ROOT_CLASS = YES_ERROR;
				CLANG_WARN_QUOTED_INCLUDE_IN_FRAMEWORK_HEADER = YES;
				CLANG_WARN_RANGE_LOOP_ANALYSIS = YES;
				CLANG_WARN_STRICT_PROTOTYPES = YES;
				CLANG_WARN_SUSPICIOUS_MOVE = YES;
				CLANG_WARN_UNGUARDED_AVAILABILITY = YES_AGGRESSIVE;
				CLANG_WARN_UNREACHABLE_CODE = YES;
				CLANG_WARN__DUPLICATE_METHOD_MATCH = YES;
				COPY_PHASE_STRIP = NO;
				DEBUG_INFORMATION_FORMAT = "dwarf-with-dsym";
				ENABLE_NS_ASSERTIONS = NO;
				ENABLE_STRICT_OBJC_MSGSEND = YES;
				GCC_C_LANGUAGE_STANDARD = gnu11;
				GCC_NO_COMMON_BLOCKS = YES;
				GCC_WARN_64_TO_32_BIT_CONVERSION = YES;
				GCC_WARN_ABOUT_RETURN_TYPE = YES_ERROR;
				GCC_WARN_UNDECLARED_SELECTOR = YES;
				GCC_WARN_UNINITIALIZED_AUTOS = YES_AGGRESSIVE;
				GCC_WARN_UNUSED_FUNCTION = YES;
				GCC_WARN_UNUSED_VARIABLE = YES;
				IPHONEOS_DEPLOYMENT_TARGET = 15.2;
				MTL_ENABLE_DEBUG_INFO = NO;
				MTL_FAST_MATH = YES;
				SDKROOT = iphoneos;
				SWIFT_COMPILATION_MODE = wholemodule;
				SWIFT_OPTIMIZATION_LEVEL = "-O";
				VALIDATE_PRODUCT = YES;
			};
			name = Release;
		};
		781C45C528AC98B1002CFA42 /* Debug */ = {
			isa = XCBuildConfiguration;
			buildSettings = {
				ASSETCATALOG_COMPILER_APPICON_NAME = AppIcon;
				ASSETCATALOG_COMPILER_GLOBAL_ACCENT_COLOR_NAME = AccentColor;
				CODE_SIGN_STYLE = Automatic;
				CURRENT_PROJECT_VERSION = 1;
				DEVELOPMENT_TEAM = TJXGBYQSW8;
				GENERATE_INFOPLIST_FILE = YES;
				INFOPLIST_FILE = contact/Info.plist;
				INFOPLIST_KEY_NSContactsUsageDescription = "Reason for accessing contacts";
				INFOPLIST_KEY_UIApplicationSupportsIndirectInputEvents = YES;
				INFOPLIST_KEY_UILaunchStoryboardName = LaunchScreen;
				INFOPLIST_KEY_UISupportedInterfaceOrientations_iPad = "UIInterfaceOrientationPortrait UIInterfaceOrientationPortraitUpsideDown UIInterfaceOrientationLandscapeLeft UIInterfaceOrientationLandscapeRight";
				INFOPLIST_KEY_UISupportedInterfaceOrientations_iPhone = "UIInterfaceOrientationPortrait UIInterfaceOrientationLandscapeLeft UIInterfaceOrientationLandscapeRight";
				LD_RUNPATH_SEARCH_PATHS = (
					"$(inherited)",
					"@executable_path/Frameworks",
				);
				MARKETING_VERSION = 1.0;
				PRODUCT_BUNDLE_IDENTIFIER = a.contact;
				PRODUCT_NAME = "$(TARGET_NAME)";
				SWIFT_EMIT_LOC_STRINGS = YES;
				SWIFT_VERSION = 5.0;
				TARGETED_DEVICE_FAMILY = "1,2";
			};
			name = Debug;
		};
		781C45C628AC98B1002CFA42 /* Release */ = {
			isa = XCBuildConfiguration;
			buildSettings = {
				ASSETCATALOG_COMPILER_APPICON_NAME = AppIcon;
				ASSETCATALOG_COMPILER_GLOBAL_ACCENT_COLOR_NAME = AccentColor;
				CODE_SIGN_STYLE = Automatic;
				CURRENT_PROJECT_VERSION = 1;
				DEVELOPMENT_TEAM = TJXGBYQSW8;
				GENERATE_INFOPLIST_FILE = YES;
				INFOPLIST_FILE = contact/Info.plist;
				INFOPLIST_KEY_NSContactsUsageDescription = "Reason for accessing contacts";
				INFOPLIST_KEY_UIApplicationSupportsIndirectInputEvents = YES;
				INFOPLIST_KEY_UILaunchStoryboardName = LaunchScreen;
				INFOPLIST_KEY_UISupportedInterfaceOrientations_iPad = "UIInterfaceOrientationPortrait UIInterfaceOrientationPortraitUpsideDown UIInterfaceOrientationLandscapeLeft UIInterfaceOrientationLandscapeRight";
				INFOPLIST_KEY_UISupportedInterfaceOrientations_iPhone = "UIInterfaceOrientationPortrait UIInterfaceOrientationLandscapeLeft UIInterfaceOrientationLandscapeRight";
				LD_RUNPATH_SEARCH_PATHS = (
					"$(inherited)",
					"@executable_path/Frameworks",
				);
				MARKETING_VERSION = 1.0;
				PRODUCT_BUNDLE_IDENTIFIER = a.contact;
				PRODUCT_NAME = "$(TARGET_NAME)";
				SWIFT_EMIT_LOC_STRINGS = YES;
				SWIFT_VERSION = 5.0;
				TARGETED_DEVICE_FAMILY = "1,2";
			};
			name = Release;
		};
/* End XCBuildConfiguration section */

/* Begin XCConfigurationList section */
		781C45AB28AC98B0002CFA42 /* Build configuration list for PBXProject "contact" */ = {
			isa = XCConfigurationList;
			buildConfigurations = (
				781C45C228AC98B1002CFA42 /* Debug */,
				781C45C328AC98B1002CFA42 /* Release */,
			);
			defaultConfigurationIsVisible = 0;
			defaultConfigurationName = Release;
		};
		781C45C428AC98B1002CFA42 /* Build configuration list for PBXNativeTarget "contact" */ = {
			isa = XCConfigurationList;
			buildConfigurations = (
				781C45C528AC98B1002CFA42 /* Debug */,
				781C45C628AC98B1002CFA42 /* Release */,
			);
			defaultConfigurationIsVisible = 0;
			defaultConfigurationName = Release;
		};
/* End XCConfigurationList section */
	};
	rootObject = 781C45A828AC98B0002CFA42 /* Project object */;
}
